<?xml version="1.0" encoding="UTF-8"?>
<CodeBlocks_project_file>
	<FileVersion major="1" minor="6"/>
	<Project>
		<Option title="NesTest"/>
		<Option makefile_is_custom="1"/>
		<Option compiler="gcc"/>
		<Option virtualFolders="CMake Files\;CMake Files\cmake\;CMake Files\src\;CMake Files\src\App\;CMake Files\src\Emulator\;CMake Files\src\Test\;"/>
		<Build>
			<Target title="all">
				<Option working_dir="/home/douidik/dev/EasyNes"/>
				<Option type="4"/>
				<MakeCommands>
					<Build command="/usr/bin/make -j16 -f &quot;/home/douidik/dev/EasyNes/Makefile&quot;  VERBOSE=1 all"/>
					<CompileFile command="/usr/bin/make -j16 -f &quot;/home/douidik/dev/EasyNes/Makefile&quot;  VERBOSE=1 &quot;$file&quot;"/>
					<Clean command="/usr/bin/make -j16 -f &quot;/home/douidik/dev/EasyNes/Makefile&quot;  VERBOSE=1 clean"/>
					<DistClean command="/usr/bin/make -j16 -f &quot;/home/douidik/dev/EasyNes/Makefile&quot;  VERBOSE=1 clean"/>
				</MakeCommands>
			</Target>
			<Target title="rebuild_cache">
				<Option working_dir="/home/douidik/dev/EasyNes"/>
				<Option type="4"/>
				<MakeCommands>
					<Build command="/usr/bin/make -j16 -f &quot;/home/douidik/dev/EasyNes/Makefile&quot;  VERBOSE=1 rebuild_cache"/>
					<CompileFile command="/usr/bin/make -j16 -f &quot;/home/douidik/dev/EasyNes/Makefile&quot;  VERBOSE=1 &quot;$file&quot;"/>
					<Clean command="/usr/bin/make -j16 -f &quot;/home/douidik/dev/EasyNes/Makefile&quot;  VERBOSE=1 clean"/>
					<DistClean command="/usr/bin/make -j16 -f &quot;/home/douidik/dev/EasyNes/Makefile&quot;  VERBOSE=1 clean"/>
				</MakeCommands>
			</Target>
			<Target title="edit_cache">
				<Option working_dir="/home/douidik/dev/EasyNes"/>
				<Option type="4"/>
				<MakeCommands>
					<Build command="/usr/bin/make -j16 -f &quot;/home/douidik/dev/EasyNes/Makefile&quot;  VERBOSE=1 edit_cache"/>
					<CompileFile command="/usr/bin/make -j16 -f &quot;/home/douidik/dev/EasyNes/Makefile&quot;  VERBOSE=1 &quot;$file&quot;"/>
					<Clean command="/usr/bin/make -j16 -f &quot;/home/douidik/dev/EasyNes/Makefile&quot;  VERBOSE=1 clean"/>
					<DistClean command="/usr/bin/make -j16 -f &quot;/home/douidik/dev/EasyNes/Makefile&quot;  VERBOSE=1 clean"/>
				</MakeCommands>
			</Target>
			<Target title="NesApp">
				<Option output="/home/douidik/dev/EasyNes/bin/NesApp" prefix_auto="0" extension_auto="0"/>
				<Option working_dir="/home/douidik/dev/EasyNes/bin"/>
				<Option object_output="./"/>
				<Option type="1"/>
				<Option compiler="gcc"/>
				<Compiler>
					<Add directory="/home/douidik/dev/EasyNes/src/App/../Emulator"/>
					<Add directory="/usr/lib/gcc/x86_64-unknown-linux-gnu/10.2.0/../../../../include/c++/10.2.0"/>
					<Add directory="/usr/lib/gcc/x86_64-unknown-linux-gnu/10.2.0/../../../../include/c++/10.2.0/x86_64-unknown-linux-gnu"/>
					<Add directory="/usr/lib/gcc/x86_64-unknown-linux-gnu/10.2.0/../../../../include/c++/10.2.0/backward"/>
					<Add directory="/usr/lib/gcc/x86_64-unknown-linux-gnu/10.2.0/include"/>
					<Add directory="/usr/lib/gcc/x86_64-unknown-linux-gnu/10.2.0/include-fixed"/>
					<Add directory="/usr/include/x86_64-linux-gnu"/>
					<Add directory="/usr/include"/>
				</Compiler>
				<MakeCommands>
					<Build command="/usr/bin/make -j16 -f &quot;/home/douidik/dev/EasyNes/src/App/Makefile&quot;  VERBOSE=1 NesApp"/>
					<CompileFile command="/usr/bin/make -j16 -f &quot;/home/douidik/dev/EasyNes/src/App/Makefile&quot;  VERBOSE=1 &quot;$file&quot;"/>
					<Clean command="/usr/bin/make -j16 -f &quot;/home/douidik/dev/EasyNes/src/App/Makefile&quot;  VERBOSE=1 clean"/>
					<DistClean command="/usr/bin/make -j16 -f &quot;/home/douidik/dev/EasyNes/src/App/Makefile&quot;  VERBOSE=1 clean"/>
				</MakeCommands>
			</Target>
			<Target title="NesApp/fast">
				<Option output="/home/douidik/dev/EasyNes/bin/NesApp" prefix_auto="0" extension_auto="0"/>
				<Option working_dir="/home/douidik/dev/EasyNes/bin"/>
				<Option object_output="./"/>
				<Option type="1"/>
				<Option compiler="gcc"/>
				<Compiler>
					<Add directory="/home/douidik/dev/EasyNes/src/App/../Emulator"/>
					<Add directory="/usr/lib/gcc/x86_64-unknown-linux-gnu/10.2.0/../../../../include/c++/10.2.0"/>
					<Add directory="/usr/lib/gcc/x86_64-unknown-linux-gnu/10.2.0/../../../../include/c++/10.2.0/x86_64-unknown-linux-gnu"/>
					<Add directory="/usr/lib/gcc/x86_64-unknown-linux-gnu/10.2.0/../../../../include/c++/10.2.0/backward"/>
					<Add directory="/usr/lib/gcc/x86_64-unknown-linux-gnu/10.2.0/include"/>
					<Add directory="/usr/lib/gcc/x86_64-unknown-linux-gnu/10.2.0/include-fixed"/>
					<Add directory="/usr/include/x86_64-linux-gnu"/>
					<Add directory="/usr/include"/>
				</Compiler>
				<MakeCommands>
					<Build command="/usr/bin/make -j16 -f &quot;/home/douidik/dev/EasyNes/src/App/Makefile&quot;  VERBOSE=1 NesApp/fast"/>
					<CompileFile command="/usr/bin/make -j16 -f &quot;/home/douidik/dev/EasyNes/src/App/Makefile&quot;  VERBOSE=1 &quot;$file&quot;"/>
					<Clean command="/usr/bin/make -j16 -f &quot;/home/douidik/dev/EasyNes/src/App/Makefile&quot;  VERBOSE=1 clean"/>
					<DistClean command="/usr/bin/make -j16 -f &quot;/home/douidik/dev/EasyNes/src/App/Makefile&quot;  VERBOSE=1 clean"/>
				</MakeCommands>
			</Target>
			<Target title="NesEmu">
				<Option output="/home/douidik/dev/EasyNes/lib/libNesEmu.a" prefix_auto="0" extension_auto="0"/>
				<Option working_dir="/home/douidik/dev/EasyNes/src/Emulator"/>
				<Option object_output="./"/>
				<Option type="2"/>
				<Option compiler="gcc"/>
				<Compiler>
					<Add directory="/usr/lib/gcc/x86_64-unknown-linux-gnu/10.2.0/../../../../include/c++/10.2.0"/>
					<Add directory="/usr/lib/gcc/x86_64-unknown-linux-gnu/10.2.0/../../../../include/c++/10.2.0/x86_64-unknown-linux-gnu"/>
					<Add directory="/usr/lib/gcc/x86_64-unknown-linux-gnu/10.2.0/../../../../include/c++/10.2.0/backward"/>
					<Add directory="/usr/lib/gcc/x86_64-unknown-linux-gnu/10.2.0/include"/>
					<Add directory="/usr/lib/gcc/x86_64-unknown-linux-gnu/10.2.0/include-fixed"/>
					<Add directory="/usr/include/x86_64-linux-gnu"/>
					<Add directory="/usr/include"/>
				</Compiler>
				<MakeCommands>
					<Build command="/usr/bin/make -j16 -f &quot;/home/douidik/dev/EasyNes/src/Emulator/Makefile&quot;  VERBOSE=1 NesEmu"/>
					<CompileFile command="/usr/bin/make -j16 -f &quot;/home/douidik/dev/EasyNes/src/Emulator/Makefile&quot;  VERBOSE=1 &quot;$file&quot;"/>
					<Clean command="/usr/bin/make -j16 -f &quot;/home/douidik/dev/EasyNes/src/Emulator/Makefile&quot;  VERBOSE=1 clean"/>
					<DistClean command="/usr/bin/make -j16 -f &quot;/home/douidik/dev/EasyNes/src/Emulator/Makefile&quot;  VERBOSE=1 clean"/>
				</MakeCommands>
			</Target>
			<Target title="NesEmu/fast">
				<Option output="/home/douidik/dev/EasyNes/lib/libNesEmu.a" prefix_auto="0" extension_auto="0"/>
				<Option working_dir="/home/douidik/dev/EasyNes/src/Emulator"/>
				<Option object_output="./"/>
				<Option type="2"/>
				<Option compiler="gcc"/>
				<Compiler>
					<Add directory="/usr/lib/gcc/x86_64-unknown-linux-gnu/10.2.0/../../../../include/c++/10.2.0"/>
					<Add directory="/usr/lib/gcc/x86_64-unknown-linux-gnu/10.2.0/../../../../include/c++/10.2.0/x86_64-unknown-linux-gnu"/>
					<Add directory="/usr/lib/gcc/x86_64-unknown-linux-gnu/10.2.0/../../../../include/c++/10.2.0/backward"/>
					<Add directory="/usr/lib/gcc/x86_64-unknown-linux-gnu/10.2.0/include"/>
					<Add directory="/usr/lib/gcc/x86_64-unknown-linux-gnu/10.2.0/include-fixed"/>
					<Add directory="/usr/include/x86_64-linux-gnu"/>
					<Add directory="/usr/include"/>
				</Compiler>
				<MakeCommands>
					<Build command="/usr/bin/make -j16 -f &quot;/home/douidik/dev/EasyNes/src/Emulator/Makefile&quot;  VERBOSE=1 NesEmu/fast"/>
					<CompileFile command="/usr/bin/make -j16 -f &quot;/home/douidik/dev/EasyNes/src/Emulator/Makefile&quot;  VERBOSE=1 &quot;$file&quot;"/>
					<Clean command="/usr/bin/make -j16 -f &quot;/home/douidik/dev/EasyNes/src/Emulator/Makefile&quot;  VERBOSE=1 clean"/>
					<DistClean command="/usr/bin/make -j16 -f &quot;/home/douidik/dev/EasyNes/src/Emulator/Makefile&quot;  VERBOSE=1 clean"/>
				</MakeCommands>
			</Target>
			<Target title="NesTest">
				<Option output="/home/douidik/dev/EasyNes/bin/NesTest" prefix_auto="0" extension_auto="0"/>
				<Option working_dir="/home/douidik/dev/EasyNes/bin"/>
				<Option object_output="./"/>
				<Option type="1"/>
				<Option compiler="gcc"/>
				<Compiler>
					<Add directory="/home/douidik/dev/EasyNes/src/Test/../Emulator"/>
					<Add directory="/home/douidik/.conan/data/catch2/2.13.3/_/_/package/5ab84d6acfe1f23c4fae0ab88f26e3a396351ac9/include"/>
					<Add directory="/usr/lib/gcc/x86_64-unknown-linux-gnu/10.2.0/../../../../include/c++/10.2.0"/>
					<Add directory="/usr/lib/gcc/x86_64-unknown-linux-gnu/10.2.0/../../../../include/c++/10.2.0/x86_64-unknown-linux-gnu"/>
					<Add directory="/usr/lib/gcc/x86_64-unknown-linux-gnu/10.2.0/../../../../include/c++/10.2.0/backward"/>
					<Add directory="/usr/lib/gcc/x86_64-unknown-linux-gnu/10.2.0/include"/>
					<Add directory="/usr/lib/gcc/x86_64-unknown-linux-gnu/10.2.0/include-fixed"/>
					<Add directory="/usr/include/x86_64-linux-gnu"/>
					<Add directory="/usr/include"/>
				</Compiler>
				<MakeCommands>
					<Build command="/usr/bin/make -j16 -f &quot;/home/douidik/dev/EasyNes/src/Test/Makefile&quot;  VERBOSE=1 NesTest"/>
					<CompileFile command="/usr/bin/make -j16 -f &quot;/home/douidik/dev/EasyNes/src/Test/Makefile&quot;  VERBOSE=1 &quot;$file&quot;"/>
					<Clean command="/usr/bin/make -j16 -f &quot;/home/douidik/dev/EasyNes/src/Test/Makefile&quot;  VERBOSE=1 clean"/>
					<DistClean command="/usr/bin/make -j16 -f &quot;/home/douidik/dev/EasyNes/src/Test/Makefile&quot;  VERBOSE=1 clean"/>
				</MakeCommands>
			</Target>
			<Target title="NesTest/fast">
				<Option output="/home/douidik/dev/EasyNes/bin/NesTest" prefix_auto="0" extension_auto="0"/>
				<Option working_dir="/home/douidik/dev/EasyNes/bin"/>
				<Option object_output="./"/>
				<Option type="1"/>
				<Option compiler="gcc"/>
				<Compiler>
					<Add directory="/home/douidik/dev/EasyNes/src/Test/../Emulator"/>
					<Add directory="/home/douidik/.conan/data/catch2/2.13.3/_/_/package/5ab84d6acfe1f23c4fae0ab88f26e3a396351ac9/include"/>
					<Add directory="/usr/lib/gcc/x86_64-unknown-linux-gnu/10.2.0/../../../../include/c++/10.2.0"/>
					<Add directory="/usr/lib/gcc/x86_64-unknown-linux-gnu/10.2.0/../../../../include/c++/10.2.0/x86_64-unknown-linux-gnu"/>
					<Add directory="/usr/lib/gcc/x86_64-unknown-linux-gnu/10.2.0/../../../../include/c++/10.2.0/backward"/>
					<Add directory="/usr/lib/gcc/x86_64-unknown-linux-gnu/10.2.0/include"/>
					<Add directory="/usr/lib/gcc/x86_64-unknown-linux-gnu/10.2.0/include-fixed"/>
					<Add directory="/usr/include/x86_64-linux-gnu"/>
					<Add directory="/usr/include"/>
				</Compiler>
				<MakeCommands>
					<Build command="/usr/bin/make -j16 -f &quot;/home/douidik/dev/EasyNes/src/Test/Makefile&quot;  VERBOSE=1 NesTest/fast"/>
					<CompileFile command="/usr/bin/make -j16 -f &quot;/home/douidik/dev/EasyNes/src/Test/Makefile&quot;  VERBOSE=1 &quot;$file&quot;"/>
					<Clean command="/usr/bin/make -j16 -f &quot;/home/douidik/dev/EasyNes/src/Test/Makefile&quot;  VERBOSE=1 clean"/>
					<DistClean command="/usr/bin/make -j16 -f &quot;/home/douidik/dev/EasyNes/src/Test/Makefile&quot;  VERBOSE=1 clean"/>
				</MakeCommands>
			</Target>
		</Build>
		<Unit filename="/home/douidik/dev/EasyNes/src/App/Main.cpp">
			<Option target="NesApp"/>
		</Unit>
		<Unit filename="/home/douidik/dev/EasyNes/src/Emulator/CMakeFiles/3.18.4/CompilerIdCXX/CMakeCXXCompilerId.cpp">
			<Option target="NesEmu"/>
		</Unit>
		<Unit filename="/home/douidik/dev/EasyNes/src/Emulator/CPU.cpp">
			<Option target="NesEmu"/>
		</Unit>
		<Unit filename="/home/douidik/dev/EasyNes/src/Emulator/CPU.hpp">
			<Option target="NesEmu"/>
		</Unit>
		<Unit filename="/home/douidik/dev/EasyNes/src/Emulator/Core.cpp">
			<Option target="NesEmu"/>
		</Unit>
		<Unit filename="/home/douidik/dev/EasyNes/src/Emulator/Core.hpp">
			<Option target="NesEmu"/>
		</Unit>
		<Unit filename="/home/douidik/dev/EasyNes/src/Emulator/Instructions.hpp">
			<Option target="NesEmu"/>
		</Unit>
		<Unit filename="/home/douidik/dev/EasyNes/src/Emulator/RAM.cpp">
			<Option target="NesEmu"/>
		</Unit>
		<Unit filename="/home/douidik/dev/EasyNes/src/Emulator/RAM.hpp">
			<Option target="NesEmu"/>
		</Unit>
		<Unit filename="/home/douidik/dev/EasyNes/src/Emulator/Types.hpp">
			<Option target="NesEmu"/>
		</Unit>
		<Unit filename="/home/douidik/dev/EasyNes/src/Test/Main.cpp">
			<Option target="NesTest"/>
		</Unit>
		<Unit filename="/home/douidik/dev/EasyNes/src/Test/TestCPU.cpp">
			<Option target="NesTest"/>
		</Unit>
		<Unit filename="/home/douidik/dev/EasyNes/CMakeLists.txt">
			<Option virtualFolder="CMake Files\"/>
		</Unit>
		<Unit filename="/home/douidik/dev/EasyNes/cmake/conanbuildinfo.cmake">
			<Option virtualFolder="CMake Files\cmake\"/>
		</Unit>
		<Unit filename="/home/douidik/dev/EasyNes/src/App/CMakeLists.txt">
			<Option virtualFolder="CMake Files\src\App\"/>
		</Unit>
		<Unit filename="/home/douidik/dev/EasyNes/src/Emulator/CMakeLists.txt">
			<Option virtualFolder="CMake Files\src\Emulator\"/>
		</Unit>
		<Unit filename="/home/douidik/dev/EasyNes/src/Test/CMakeLists.txt">
			<Option virtualFolder="CMake Files\src\Test\"/>
		</Unit>
	</Project>
</CodeBlocks_project_file>
